
Microsoft Visual Studio Solution File, Format Version 12.00
# Visual Studio Version 17
VisualStudioVersion = 17.6.33712.159
MinimumVisualStudioVersion = 10.0.40219.1
Project("{9A19103F-16F7-4668-BE54-9A1E7A4F7556}") = "Homework13", "Homework12-new\Homework13.csproj", "{108C7226-4485-4AF0-853C-9E40B5FF1143}"
EndProject
Project("{FAE04EC0-301F-11D3-BF4B-00C04F79EFBC}") = "BankLibrary", "BankLibrary\BankLibrary.csproj", "{9AB8DDD0-67C3-4AE7-8174-39BE911D4B72}"
EndProject
Global
	GlobalSection(SolutionConfigurationPlatforms) = preSolution
		Debug|Any CPU = Debug|Any CPU
		Release|Any CPU = Release|Any CPU
	EndGlobalSection
	GlobalSection(ProjectConfigurationPlatforms) = postSolution
		{108C7226-4485-4AF0-853C-9E40B5FF1143}.Debug|Any CPU.ActiveCfg = Debug|Any CPU
		{108C7226-4485-4AF0-853C-9E40B5FF1143}.Debug|Any CPU.Build.0 = Debug|Any CPU
		{108C7226-4485-4AF0-853C-9E40B5FF1143}.Release|Any CPU.ActiveCfg = Release|Any CPU
		{108C7226-4485-4AF0-853C-9E40B5FF1143}.Release|Any CPU.Build.0 = Release|Any CPU
		{9AB8DDD0-67C3-4AE7-8174-39BE911D4B72}.Debug|Any CPU.ActiveCfg = Debug|Any CPU
		{9AB8DDD0-67C3-4AE7-8174-39BE911D4B72}.Debug|Any CPU.Build.0 = Debug|Any CPU
		{9AB8DDD0-67C3-4AE7-8174-39BE911D4B72}.Release|Any CPU.ActiveCfg = Release|Any CPU
		{9AB8DDD0-67C3-4AE7-8174-39BE911D4B72}.Release|Any CPU.Build.0 = Release|Any CPU
	EndGlobalSection
	GlobalSection(SolutionProperties) = preSolution
		HideSolutionNode = FALSE
	EndGlobalSection
	GlobalSection(ExtensibilityGlobals) = postSolution
		SolutionGuid = {CDD0751C-C569-46C7-A35E-C05349A52F06}
	EndGlobalSection
EndGlobal
